
Microsoft Visual Studio Solution File, Format Version 12.00
# Visual Studio 14
VisualStudioVersion = 14.0.25420.1
MinimumVisualStudioVersion = 10.0.40219.1
Project("{FAE04EC0-301F-11D3-BF4B-00C04F79EFBC}") = "Xamarians.MediaPlayer", "Xamarians.MediaPlayer\Xamarians.MediaPlayer.csproj", "{67F9D3A8-F71E-4428-913F-C37AE82CDB24}"
EndProject
Project("{FAE04EC0-301F-11D3-BF4B-00C04F79EFBC}") = "Xamarians.MediaPlayer.Droid", "Xamarians.MediaPlayer.Droid\Xamarians.MediaPlayer.Droid.csproj", "{7FC90F2D-42E7-48A7-A3E9-034B4FB9558D}"
EndProject
Project("{FAE04EC0-301F-11D3-BF4B-00C04F79EFBC}") = "Xamarians.MediaPlayer.iOS", "Xamarians.MediaPlayer.iOS\Xamarians.MediaPlayer.iOS.csproj", "{EF4ADB54-CC8B-4161-BA66-8064D211BEBB}"
EndProject
Global
	GlobalSection(SolutionConfigurationPlatforms) = preSolution
		Debug|Any CPU = Debug|Any CPU
		Release|Any CPU = Release|Any CPU
	EndGlobalSection
	GlobalSection(ProjectConfigurationPlatforms) = postSolution
		{67F9D3A8-F71E-4428-913F-C37AE82CDB24}.Debug|Any CPU.ActiveCfg = Debug|Any CPU
		{67F9D3A8-F71E-4428-913F-C37AE82CDB24}.Debug|Any CPU.Build.0 = Debug|Any CPU
		{67F9D3A8-F71E-4428-913F-C37AE82CDB24}.Release|Any CPU.ActiveCfg = Release|Any CPU
		{67F9D3A8-F71E-4428-913F-C37AE82CDB24}.Release|Any CPU.Build.0 = Release|Any CPU
		{7FC90F2D-42E7-48A7-A3E9-034B4FB9558D}.Debug|Any CPU.ActiveCfg = Debug|Any CPU
		{7FC90F2D-42E7-48A7-A3E9-034B4FB9558D}.Debug|Any CPU.Build.0 = Debug|Any CPU
		{7FC90F2D-42E7-48A7-A3E9-034B4FB9558D}.Release|Any CPU.ActiveCfg = Release|Any CPU
		{7FC90F2D-42E7-48A7-A3E9-034B4FB9558D}.Release|Any CPU.Build.0 = Release|Any CPU
		{EF4ADB54-CC8B-4161-BA66-8064D211BEBB}.Debug|Any CPU.ActiveCfg = Debug|Any CPU
		{EF4ADB54-CC8B-4161-BA66-8064D211BEBB}.Debug|Any CPU.Build.0 = Debug|Any CPU
		{EF4ADB54-CC8B-4161-BA66-8064D211BEBB}.Release|Any CPU.ActiveCfg = Release|Any CPU
		{EF4ADB54-CC8B-4161-BA66-8064D211BEBB}.Release|Any CPU.Build.0 = Release|Any CPU
	EndGlobalSection
	GlobalSection(SolutionProperties) = preSolution
		HideSolutionNode = FALSE
	EndGlobalSection
EndGlobal
